
Microsoft Visual Studio Solution File, Format Version 12.00
# Visual Studio 2013
VisualStudioVersion = 12.0.21005.1
MinimumVisualStudioVersion = 10.0.40219.1
Project("{FAE04EC0-301F-11D3-BF4B-00C04F79EFBC}") = "WFA_QLNhaHang", "WFA_QLNhaHang\WFA_QLNhaHang.csproj", "{F5800347-9900-4D77-A23D-3D4BDCCA5D7E}"
EndProject
Project("{FAE04EC0-301F-11D3-BF4B-00C04F79EFBC}") = "DTO", "DTO\DTO.csproj", "{4F008FDC-0EDB-4C92-9E49-69D6D973BC18}"
EndProject
Project("{FAE04EC0-301F-11D3-BF4B-00C04F79EFBC}") = "DAL", "DAL\DAL.csproj", "{2D894E04-73D4-468D-8A4D-8D5BE064AA90}"
EndProject
Project("{FAE04EC0-301F-11D3-BF4B-00C04F79EFBC}") = "BUS", "BUS\BUS.csproj", "{5B7539E1-1382-4252-A59D-A91DF70ACA22}"
EndProject
Global
	GlobalSection(SolutionConfigurationPlatforms) = preSolution
		Debug|Any CPU = Debug|Any CPU
		Release|Any CPU = Release|Any CPU
	EndGlobalSection
	GlobalSection(ProjectConfigurationPlatforms) = postSolution
		{F5800347-9900-4D77-A23D-3D4BDCCA5D7E}.Debug|Any CPU.ActiveCfg = Debug|Any CPU
		{F5800347-9900-4D77-A23D-3D4BDCCA5D7E}.Debug|Any CPU.Build.0 = Debug|Any CPU
		{F5800347-9900-4D77-A23D-3D4BDCCA5D7E}.Release|Any CPU.ActiveCfg = Release|Any CPU
		{F5800347-9900-4D77-A23D-3D4BDCCA5D7E}.Release|Any CPU.Build.0 = Release|Any CPU
		{4F008FDC-0EDB-4C92-9E49-69D6D973BC18}.Debug|Any CPU.ActiveCfg = Debug|Any CPU
		{4F008FDC-0EDB-4C92-9E49-69D6D973BC18}.Debug|Any CPU.Build.0 = Debug|Any CPU
		{4F008FDC-0EDB-4C92-9E49-69D6D973BC18}.Release|Any CPU.ActiveCfg = Release|Any CPU
		{4F008FDC-0EDB-4C92-9E49-69D6D973BC18}.Release|Any CPU.Build.0 = Release|Any CPU
		{2D894E04-73D4-468D-8A4D-8D5BE064AA90}.Debug|Any CPU.ActiveCfg = Debug|Any CPU
		{2D894E04-73D4-468D-8A4D-8D5BE064AA90}.Debug|Any CPU.Build.0 = Debug|Any CPU
		{2D894E04-73D4-468D-8A4D-8D5BE064AA90}.Release|Any CPU.ActiveCfg = Release|Any CPU
		{2D894E04-73D4-468D-8A4D-8D5BE064AA90}.Release|Any CPU.Build.0 = Release|Any CPU
		{5B7539E1-1382-4252-A59D-A91DF70ACA22}.Debug|Any CPU.ActiveCfg = Debug|Any CPU
		{5B7539E1-1382-4252-A59D-A91DF70ACA22}.Debug|Any CPU.Build.0 = Debug|Any CPU
		{5B7539E1-1382-4252-A59D-A91DF70ACA22}.Release|Any CPU.ActiveCfg = Release|Any CPU
		{5B7539E1-1382-4252-A59D-A91DF70ACA22}.Release|Any CPU.Build.0 = Release|Any CPU
	EndGlobalSection
	GlobalSection(SolutionProperties) = preSolution
		HideSolutionNode = FALSE
	EndGlobalSection
EndGlobal
